schema: '2.0'
stages:
  preprocess:
    cmd: python src/preprocess.py
    deps:
    - path: data/raw/ethics_dataset.csv
      hash: md5
      md5: b7ecfb9040152854904ac5287773c5c4
      size: 59358
    - path: data/raw/fallacy_dataset.csv
      hash: md5
      md5: 058f687cc7b2ca39fc616a1c7f93fa10
      size: 768136
    - path: data/raw/mappings.csv
      hash: md5
      md5: fb323822c20df4d8333a66272fb5878a
      size: 5034
    - path: params.yaml
      hash: md5
      md5: 4eb62f76b8f6aab16d81108d04fc847c
      size: 1793
    - path: src/preprocess.py
      hash: md5
      md5: 3741bb8df1768963c0931aa4261e702c
      size: 4898
    outs:
    - path: data/processed/ethics_label_encoder.pkl
      hash: md5
      md5: f062c7d63ffde7f34df4af1ad64e8e18
      size: 312
    - path: data/processed/ethics_test.csv
      hash: md5
      md5: aceb5a163f7a476578445e139cef83b9
      size: 12148
    - path: data/processed/ethics_train.csv
      hash: md5
      md5: 9a7eca68790966307de0ed7bcd8e6497
      size: 47833
    - path: data/processed/fallacy_label_encoder.pkl
      hash: md5
      md5: 134f2bbf584daa373e5a5ac38a4dc6ff
      size: 487
    - path: data/processed/fallacy_test.csv
      hash: md5
      md5: 4ae7c0d00ed12519c3f4e4590c2bb640
      size: 73910
    - path: data/processed/fallacy_train.csv
      hash: md5
      md5: 57d00f14fa750cde3a628ccfcffea445
      size: 312279
  train:
    cmd: python src/train.py
    deps:
    - path: data/processed/ethics_train.csv
      hash: md5
      md5: 9a7eca68790966307de0ed7bcd8e6497
      size: 47833
    - path: data/processed/fallacy_train.csv
      hash: md5
      md5: 57d00f14fa750cde3a628ccfcffea445
      size: 312279
    - path: params.yaml
      hash: md5
      md5: 4eb62f76b8f6aab16d81108d04fc847c
      size: 1793
    - path: src/train.py
      hash: md5
      md5: 31f90f7c75498d6d76a0b19263f8984b
      size: 4577
    outs:
    - path: models/ethics_model.pkl
      hash: md5
      md5: dfcfc4ba44f34780b60a248436ede49c
      size: 96399
    - path: models/fallacy_model.pkl
      hash: md5
      md5: 458c423c4f4daaa1226334fbaeafb64c
      size: 1869895
