schema: '2.0'
stages:
  preprocess:
    cmd: python src/preprocess.py
    deps:
    - path: data/raw/ethics_dataset.csv
      hash: md5
      md5: b7ecfb9040152854904ac5287773c5c4
      size: 59358
    - path: data/raw/fallacy_dataset.csv
      hash: md5
      md5: 058f687cc7b2ca39fc616a1c7f93fa10
      size: 768136
    - path: data/raw/mappings.csv
      hash: md5
      md5: fb323822c20df4d8333a66272fb5878a
      size: 5034
    - path: params.yaml
      hash: md5
      md5: fb9ad76cf00344a7d92075d3e98b24a2
      size: 1940
    - path: src/preprocess.py
      hash: md5
      md5: 3741bb8df1768963c0931aa4261e702c
      size: 4898
    outs:
    - path: data/processed/ethics_label_encoder.pkl
      hash: md5
      md5: dfcd0aa254ada8ff1f864e9d77c1315a
      size: 311
    - path: data/processed/ethics_test.csv
      hash: md5
      md5: aceb5a163f7a476578445e139cef83b9
      size: 12148
    - path: data/processed/ethics_train.csv
      hash: md5
      md5: 9a7eca68790966307de0ed7bcd8e6497
      size: 47833
    - path: data/processed/fallacy_label_encoder.pkl
      hash: md5
      md5: bc8ca779091847591a6b49606411912f
      size: 486
    - path: data/processed/fallacy_test.csv
      hash: md5
      md5: 4ae7c0d00ed12519c3f4e4590c2bb640
      size: 73910
    - path: data/processed/fallacy_train.csv
      hash: md5
      md5: 57d00f14fa750cde3a628ccfcffea445
      size: 312279
  train:
    cmd: python src/train.py
    deps:
    - path: data/processed/ethics_train.csv
      hash: md5
      md5: 9a7eca68790966307de0ed7bcd8e6497
      size: 47833
    - path: data/processed/fallacy_train.csv
      hash: md5
      md5: 57d00f14fa750cde3a628ccfcffea445
      size: 312279
    - path: params.yaml
      hash: md5
      md5: fb9ad76cf00344a7d92075d3e98b24a2
      size: 1940
    - path: src/train.py
      hash: md5
      md5: 1f7ced5e38e70fd2e391aef8dfcc9803
      size: 4037
    outs:
    - path: models/ethics_model.pkl
      hash: md5
      md5: be7371f987332dbd7531e2942577c5fe
      size: 91540
    - path: models/fallacy_model.pkl
      hash: md5
      md5: 3e7ab871ba9ecafa67ed0ad78fad13cc
      size: 1818187
  evaluate:
    cmd: python src/evaluate.py
    deps:
    - path: data/processed/ethics_test.csv
      hash: md5
      md5: aceb5a163f7a476578445e139cef83b9
      size: 12148
    - path: data/processed/fallacy_test.csv
      hash: md5
      md5: 4ae7c0d00ed12519c3f4e4590c2bb640
      size: 73910
    - path: models/ethics_model.pkl
      hash: md5
      md5: be7371f987332dbd7531e2942577c5fe
      size: 91540
    - path: models/fallacy_model.pkl
      hash: md5
      md5: 3e7ab871ba9ecafa67ed0ad78fad13cc
      size: 1818187
    - path: params.yaml
      hash: md5
      md5: fb9ad76cf00344a7d92075d3e98b24a2
      size: 1940
    - path: src/evaluate.py
      hash: md5
      md5: 3a65fdc692211534e42a724f0f06a8d7
      size: 3382
    outs:
    - path: metrics/metrics.json
      hash: md5
      md5: 5b59f0ec34c926d3866fdb24bf175670
      size: 248
  register:
    cmd: python src/register.py
    deps:
    - path: metrics/metrics.json
      hash: md5
      md5: 5b59f0ec34c926d3866fdb24bf175670
      size: 248
    - path: models/ethics_model.pkl
      hash: md5
      md5: be7371f987332dbd7531e2942577c5fe
      size: 91540
    - path: models/fallacy_model.pkl
      hash: md5
      md5: 3e7ab871ba9ecafa67ed0ad78fad13cc
      size: 1818187
    - path: src/register.py
      hash: md5
      md5: 71173b9088d8274605be43c84dd1edc1
      size: 4085
    params:
      params.yaml:
        evaluate:
          ethics_test: data/processed/ethics_test.csv
          ethics_model: models/ethics_model.pkl
          ethics_encoder: data/processed/ethics_label_encoder.pkl
          fallacy_test: data/processed/fallacy_test.csv
          fallacy_model: models/fallacy_model.pkl
          fallacy_encoder: data/processed/fallacy_label_encoder.pkl
          metrics_output: metrics/metrics.json
          threshold: 0.55
        register:
          ethics_model_name: socratic-ethics-classifier
          fallacy_model_name: socratic-fallacy-classifier
          ethics_experiment: ethics-classifier
          fallacy_experiment: fallacy-detector-classifier
          stage: Staging
